
Microsoft Visual Studio Solution File, Format Version 12.00
# Visual Studio Version 17
VisualStudioVersion = 17.4.33122.133
MinimumVisualStudioVersion = 10.0.40219.1
Project("{FAE04EC0-301F-11D3-BF4B-00C04F79EFBC}") = "JsonLesson", "JsonLesson\JsonLesson.csproj", "{77D46C37-B396-45F5-A0BA-992E0F290B9C}"
EndProject
Global
	GlobalSection(SolutionConfigurationPlatforms) = preSolution
		Debug|Any CPU = Debug|Any CPU
		Release|Any CPU = Release|Any CPU
	EndGlobalSection
	GlobalSection(ProjectConfigurationPlatforms) = postSolution
		{77D46C37-B396-45F5-A0BA-992E0F290B9C}.Debug|Any CPU.ActiveCfg = Debug|Any CPU
		{77D46C37-B396-45F5-A0BA-992E0F290B9C}.Debug|Any CPU.Build.0 = Debug|Any CPU
		{77D46C37-B396-45F5-A0BA-992E0F290B9C}.Release|Any CPU.ActiveCfg = Release|Any CPU
		{77D46C37-B396-45F5-A0BA-992E0F290B9C}.Release|Any CPU.Build.0 = Release|Any CPU
	EndGlobalSection
	GlobalSection(SolutionProperties) = preSolution
		HideSolutionNode = FALSE
	EndGlobalSection
	GlobalSection(ExtensibilityGlobals) = postSolution
		SolutionGuid = {FACE958C-0E63-4487-BD1B-48A95F687618}
	EndGlobalSection
EndGlobal
