
Microsoft Visual Studio Solution File, Format Version 12.00
# Visual Studio Version 17
VisualStudioVersion = 17.4.33122.133
MinimumVisualStudioVersion = 10.0.40219.1
Project("{FAE04EC0-301F-11D3-BF4B-00C04F79EFBC}") = "AsyncLesson", "AsyncLesson\AsyncLesson.csproj", "{0D503D06-A488-4675-BDD1-E3C43D4D9CCC}"
EndProject
Global
	GlobalSection(SolutionConfigurationPlatforms) = preSolution
		Debug|Any CPU = Debug|Any CPU
		Release|Any CPU = Release|Any CPU
	EndGlobalSection
	GlobalSection(ProjectConfigurationPlatforms) = postSolution
		{0D503D06-A488-4675-BDD1-E3C43D4D9CCC}.Debug|Any CPU.ActiveCfg = Debug|Any CPU
		{0D503D06-A488-4675-BDD1-E3C43D4D9CCC}.Debug|Any CPU.Build.0 = Debug|Any CPU
		{0D503D06-A488-4675-BDD1-E3C43D4D9CCC}.Release|Any CPU.ActiveCfg = Release|Any CPU
		{0D503D06-A488-4675-BDD1-E3C43D4D9CCC}.Release|Any CPU.Build.0 = Release|Any CPU
	EndGlobalSection
	GlobalSection(SolutionProperties) = preSolution
		HideSolutionNode = FALSE
	EndGlobalSection
	GlobalSection(ExtensibilityGlobals) = postSolution
		SolutionGuid = {BF475A5D-B23E-41C3-8C14-AE6DE51E6328}
	EndGlobalSection
EndGlobal
