
Microsoft Visual Studio Solution File, Format Version 12.00
# Visual Studio Version 17
VisualStudioVersion = 17.4.33122.133
MinimumVisualStudioVersion = 10.0.40219.1
Project("{FAE04EC0-301F-11D3-BF4B-00C04F79EFBC}") = "OOP-1dars", "OOP-1dars\OOP-1dars.csproj", "{D32CF0B2-B009-404A-872D-2618A0939439}"
EndProject
Global
	GlobalSection(SolutionConfigurationPlatforms) = preSolution
		Debug|Any CPU = Debug|Any CPU
		Release|Any CPU = Release|Any CPU
	EndGlobalSection
	GlobalSection(ProjectConfigurationPlatforms) = postSolution
		{D32CF0B2-B009-404A-872D-2618A0939439}.Debug|Any CPU.ActiveCfg = Debug|Any CPU
		{D32CF0B2-B009-404A-872D-2618A0939439}.Debug|Any CPU.Build.0 = Debug|Any CPU
		{D32CF0B2-B009-404A-872D-2618A0939439}.Release|Any CPU.ActiveCfg = Release|Any CPU
		{D32CF0B2-B009-404A-872D-2618A0939439}.Release|Any CPU.Build.0 = Release|Any CPU
	EndGlobalSection
	GlobalSection(SolutionProperties) = preSolution
		HideSolutionNode = FALSE
	EndGlobalSection
	GlobalSection(ExtensibilityGlobals) = postSolution
		SolutionGuid = {EDD50EBC-3634-47AB-B1E6-04A61FC1CEE2}
	EndGlobalSection
EndGlobal
