
Microsoft Visual Studio Solution File, Format Version 12.00
# Visual Studio Version 17
VisualStudioVersion = 17.4.33122.133
MinimumVisualStudioVersion = 10.0.40219.1
Project("{FAE04EC0-301F-11D3-BF4B-00C04F79EFBC}") = "OOP-7", "OOP-7\OOP-7.csproj", "{377CF9D2-CE86-4C97-A539-CEAA5DFDA579}"
EndProject
Global
	GlobalSection(SolutionConfigurationPlatforms) = preSolution
		Debug|Any CPU = Debug|Any CPU
		Release|Any CPU = Release|Any CPU
	EndGlobalSection
	GlobalSection(ProjectConfigurationPlatforms) = postSolution
		{377CF9D2-CE86-4C97-A539-CEAA5DFDA579}.Debug|Any CPU.ActiveCfg = Debug|Any CPU
		{377CF9D2-CE86-4C97-A539-CEAA5DFDA579}.Debug|Any CPU.Build.0 = Debug|Any CPU
		{377CF9D2-CE86-4C97-A539-CEAA5DFDA579}.Release|Any CPU.ActiveCfg = Release|Any CPU
		{377CF9D2-CE86-4C97-A539-CEAA5DFDA579}.Release|Any CPU.Build.0 = Release|Any CPU
	EndGlobalSection
	GlobalSection(SolutionProperties) = preSolution
		HideSolutionNode = FALSE
	EndGlobalSection
	GlobalSection(ExtensibilityGlobals) = postSolution
		SolutionGuid = {8DE3B056-2B75-4F3D-A647-B18F8A78673C}
	EndGlobalSection
EndGlobal
