
Microsoft Visual Studio Solution File, Format Version 12.00
# Visual Studio Version 17
VisualStudioVersion = 17.4.33122.133
MinimumVisualStudioVersion = 10.0.40219.1
Project("{FAE04EC0-301F-11D3-BF4B-00C04F79EFBC}") = "Delegate", "Delegate\Delegate.csproj", "{F04E1DFB-4650-4059-B7CD-1EC9AE3CC329}"
EndProject
Global
	GlobalSection(SolutionConfigurationPlatforms) = preSolution
		Debug|Any CPU = Debug|Any CPU
		Release|Any CPU = Release|Any CPU
	EndGlobalSection
	GlobalSection(ProjectConfigurationPlatforms) = postSolution
		{F04E1DFB-4650-4059-B7CD-1EC9AE3CC329}.Debug|Any CPU.ActiveCfg = Debug|Any CPU
		{F04E1DFB-4650-4059-B7CD-1EC9AE3CC329}.Debug|Any CPU.Build.0 = Debug|Any CPU
		{F04E1DFB-4650-4059-B7CD-1EC9AE3CC329}.Release|Any CPU.ActiveCfg = Release|Any CPU
		{F04E1DFB-4650-4059-B7CD-1EC9AE3CC329}.Release|Any CPU.Build.0 = Release|Any CPU
	EndGlobalSection
	GlobalSection(SolutionProperties) = preSolution
		HideSolutionNode = FALSE
	EndGlobalSection
	GlobalSection(ExtensibilityGlobals) = postSolution
		SolutionGuid = {554CEA02-75A5-4F6A-A18C-C593E94B56AC}
	EndGlobalSection
EndGlobal
