
Microsoft Visual Studio Solution File, Format Version 12.00
# Visual Studio Version 17
VisualStudioVersion = 17.4.33122.133
MinimumVisualStudioVersion = 10.0.40219.1
Project("{FAE04EC0-301F-11D3-BF4B-00C04F79EFBC}") = "OOP 5 Dars", "OOP 5 Dars\OOP 5 Dars.csproj", "{8826A038-6172-4673-9484-DB7C194B4284}"
EndProject
Global
	GlobalSection(SolutionConfigurationPlatforms) = preSolution
		Debug|Any CPU = Debug|Any CPU
		Release|Any CPU = Release|Any CPU
	EndGlobalSection
	GlobalSection(ProjectConfigurationPlatforms) = postSolution
		{8826A038-6172-4673-9484-DB7C194B4284}.Debug|Any CPU.ActiveCfg = Debug|Any CPU
		{8826A038-6172-4673-9484-DB7C194B4284}.Debug|Any CPU.Build.0 = Debug|Any CPU
		{8826A038-6172-4673-9484-DB7C194B4284}.Release|Any CPU.ActiveCfg = Release|Any CPU
		{8826A038-6172-4673-9484-DB7C194B4284}.Release|Any CPU.Build.0 = Release|Any CPU
	EndGlobalSection
	GlobalSection(SolutionProperties) = preSolution
		HideSolutionNode = FALSE
	EndGlobalSection
	GlobalSection(ExtensibilityGlobals) = postSolution
		SolutionGuid = {45D52281-387E-4710-95F3-310C3C9AA0F9}
	EndGlobalSection
EndGlobal
