
Microsoft Visual Studio Solution File, Format Version 12.00
# Visual Studio Version 17
VisualStudioVersion = 17.4.33122.133
MinimumVisualStudioVersion = 10.0.40219.1
Project("{FAE04EC0-301F-11D3-BF4B-00C04F79EFBC}") = "OOP-Dars 1", "OOP-Dars 1\OOP-Dars 1.csproj", "{1010A3F8-0DF4-482D-916C-F759C5EDD4D0}"
EndProject
Global
	GlobalSection(SolutionConfigurationPlatforms) = preSolution
		Debug|Any CPU = Debug|Any CPU
		Release|Any CPU = Release|Any CPU
	EndGlobalSection
	GlobalSection(ProjectConfigurationPlatforms) = postSolution
		{1010A3F8-0DF4-482D-916C-F759C5EDD4D0}.Debug|Any CPU.ActiveCfg = Debug|Any CPU
		{1010A3F8-0DF4-482D-916C-F759C5EDD4D0}.Debug|Any CPU.Build.0 = Debug|Any CPU
		{1010A3F8-0DF4-482D-916C-F759C5EDD4D0}.Release|Any CPU.ActiveCfg = Release|Any CPU
		{1010A3F8-0DF4-482D-916C-F759C5EDD4D0}.Release|Any CPU.Build.0 = Release|Any CPU
	EndGlobalSection
	GlobalSection(SolutionProperties) = preSolution
		HideSolutionNode = FALSE
	EndGlobalSection
	GlobalSection(ExtensibilityGlobals) = postSolution
		SolutionGuid = {B14FC7A0-384F-451D-9D02-99E3211E5A3D}
	EndGlobalSection
EndGlobal
