
Microsoft Visual Studio Solution File, Format Version 12.00
# Visual Studio Version 17
VisualStudioVersion = 17.4.33122.133
MinimumVisualStudioVersion = 10.0.40219.1
Project("{FAE04EC0-301F-11D3-BF4B-00C04F79EFBC}") = "LinqHomeWorks", "LinqHomeWorks\LinqHomeWorks.csproj", "{70A56395-3A11-47FB-AECB-97B18A1F6CE7}"
EndProject
Global
	GlobalSection(SolutionConfigurationPlatforms) = preSolution
		Debug|Any CPU = Debug|Any CPU
		Release|Any CPU = Release|Any CPU
	EndGlobalSection
	GlobalSection(ProjectConfigurationPlatforms) = postSolution
		{70A56395-3A11-47FB-AECB-97B18A1F6CE7}.Debug|Any CPU.ActiveCfg = Debug|Any CPU
		{70A56395-3A11-47FB-AECB-97B18A1F6CE7}.Debug|Any CPU.Build.0 = Debug|Any CPU
		{70A56395-3A11-47FB-AECB-97B18A1F6CE7}.Release|Any CPU.ActiveCfg = Release|Any CPU
		{70A56395-3A11-47FB-AECB-97B18A1F6CE7}.Release|Any CPU.Build.0 = Release|Any CPU
	EndGlobalSection
	GlobalSection(SolutionProperties) = preSolution
		HideSolutionNode = FALSE
	EndGlobalSection
	GlobalSection(ExtensibilityGlobals) = postSolution
		SolutionGuid = {0E4CC7E0-4E61-4D2E-AB48-AAEE00344232}
	EndGlobalSection
EndGlobal
