
Microsoft Visual Studio Solution File, Format Version 12.00
# Visual Studio Version 17
VisualStudioVersion = 17.4.33122.133
MinimumVisualStudioVersion = 10.0.40219.1
Project("{FAE04EC0-301F-11D3-BF4B-00C04F79EFBC}") = "OOP-4", "OOP-4\OOP-4.csproj", "{EE289921-F900-435C-8B6F-ECBC4196D4F2}"
EndProject
Global
	GlobalSection(SolutionConfigurationPlatforms) = preSolution
		Debug|Any CPU = Debug|Any CPU
		Release|Any CPU = Release|Any CPU
	EndGlobalSection
	GlobalSection(ProjectConfigurationPlatforms) = postSolution
		{EE289921-F900-435C-8B6F-ECBC4196D4F2}.Debug|Any CPU.ActiveCfg = Debug|Any CPU
		{EE289921-F900-435C-8B6F-ECBC4196D4F2}.Debug|Any CPU.Build.0 = Debug|Any CPU
		{EE289921-F900-435C-8B6F-ECBC4196D4F2}.Release|Any CPU.ActiveCfg = Release|Any CPU
		{EE289921-F900-435C-8B6F-ECBC4196D4F2}.Release|Any CPU.Build.0 = Release|Any CPU
	EndGlobalSection
	GlobalSection(SolutionProperties) = preSolution
		HideSolutionNode = FALSE
	EndGlobalSection
	GlobalSection(ExtensibilityGlobals) = postSolution
		SolutionGuid = {9F669229-E556-4898-8BE6-24ABAA930A3C}
	EndGlobalSection
EndGlobal
