
Microsoft Visual Studio Solution File, Format Version 12.00
# Visual Studio Version 17
VisualStudioVersion = 17.4.33122.133
MinimumVisualStudioVersion = 10.0.40219.1
Project("{FAE04EC0-301F-11D3-BF4B-00C04F79EFBC}") = "XmlLesson", "XmlLesson\XmlLesson.csproj", "{F83DEB44-23F8-4213-A385-D1C95E261686}"
EndProject
Global
	GlobalSection(SolutionConfigurationPlatforms) = preSolution
		Debug|Any CPU = Debug|Any CPU
		Release|Any CPU = Release|Any CPU
	EndGlobalSection
	GlobalSection(ProjectConfigurationPlatforms) = postSolution
		{F83DEB44-23F8-4213-A385-D1C95E261686}.Debug|Any CPU.ActiveCfg = Debug|Any CPU
		{F83DEB44-23F8-4213-A385-D1C95E261686}.Debug|Any CPU.Build.0 = Debug|Any CPU
		{F83DEB44-23F8-4213-A385-D1C95E261686}.Release|Any CPU.ActiveCfg = Release|Any CPU
		{F83DEB44-23F8-4213-A385-D1C95E261686}.Release|Any CPU.Build.0 = Release|Any CPU
	EndGlobalSection
	GlobalSection(SolutionProperties) = preSolution
		HideSolutionNode = FALSE
	EndGlobalSection
	GlobalSection(ExtensibilityGlobals) = postSolution
		SolutionGuid = {4078629B-924F-4A52-95B3-48ACDF03C237}
	EndGlobalSection
EndGlobal
